# This is a Gradle generated file for dependency locking.
# Manual edits can break the build and are not advised.
# This file is expected to be part of source control.
com.fasterxml.jackson.core:jackson-annotations:2.12.3
com.fasterxml.jackson.core:jackson-core:2.12.3
com.fasterxml.jackson.core:jackson-databind:2.12.3
com.fasterxml.jackson:jackson-bom:2.12.3
io.github.keymaster65:copper2go-api:2.0
org.copper-engine:copper-coreengine:5.3.0
org.copper-engine:copper-jmx-interface:5.3.0
org.slf4j:slf4j-api:1.8.0-beta4
